// !$*UTF8*$!
{
	archiveVersion = 1;
	classes = {
	};
	objectVersion = 50;
	objects = {

/* Begin PBXBuildFile section */
		3287CAEA269098080064B235 /* AppDelegate.swift in Sources */ = {isa = PBXBuildFile; fileRef = 3287CAE9269098080064B235 /* AppDelegate.swift */; };
		3287CAEC269098080064B235 /* SceneDelegate.swift in Sources */ = {isa = PBXBuildFile; fileRef = 3287CAEB269098080064B235 /* SceneDelegate.swift */; };
		3287CAEE269098080064B235 /* ViewController.swift in Sources */ = {isa = PBXBuildFile; fileRef = 3287CAED269098080064B235 /* ViewController.swift */; };
		3287CAF1269098080064B235 /* Main.storyboard in Resources */ = {isa = PBXBuildFile; fileRef = 3287CAEF269098080064B235 /* Main.storyboard */; };
		3287CAF3269098100064B235 /* Assets.xcassets in Resources */ = {isa = PBXBuildFile; fileRef = 3287CAF2269098100064B235 /* Assets.xcassets */; };
		3287CAF6269098100064B235 /* LaunchScreen.storyboard in Resources */ = {isa = PBXBuildFile; fileRef = 3287CAF4269098100064B235 /* LaunchScreen.storyboard */; };
		83F81DD8A70206C5FF4376B2 /* Pods_cats.framework in Frameworks */ = {isa = PBXBuildFile; fileRef = 11C148589EED2AB1AB147757 /* Pods_cats.framework */; };
/* End PBXBuildFile section */

/* Begin PBXFileReference section */
		11C148589EED2AB1AB147757 /* Pods_cats.framework */ = {isa = PBXFileReference; explicitFileType = wrapper.framework; includeInIndex = 0; path = Pods_cats.framework; sourceTree = BUILT_PRODUCTS_DIR; };
		3287CAE6269098080064B235 /* cats.app */ = {isa = PBXFileReference; explicitFileType = wrapper.application; includeInIndex = 0; path = cats.app; sourceTree = BUILT_PRODUCTS_DIR; };
		3287CAE9269098080064B235 /* AppDelegate.swift */ = {isa = PBXFileReference; lastKnownFileType = sourcecode.swift; path = AppDelegate.swift; sourceTree = "<group>"; };
		3287CAEB269098080064B235 /* SceneDelegate.swift */ = {isa = PBXFileReference; lastKnownFileType = sourcecode.swift; path = SceneDelegate.swift; sourceTree = "<group>"; };
		3287CAED269098080064B235 /* ViewController.swift */ = {isa = PBXFileReference; lastKnownFileType = sourcecode.swift; path = ViewController.swift; sourceTree = "<group>"; };
		3287CAF0269098080064B235 /* Base */ = {isa = PBXFileReference; lastKnownFileType = file.storyboard; name = Base; path = Base.lproj/Main.storyboard; sourceTree = "<group>"; };
		3287CAF2269098100064B235 /* Assets.xcassets */ = {isa = PBXFileReference; lastKnownFileType = folder.assetcatalog; path = Assets.xcassets; sourceTree = "<group>"; };
		3287CAF5269098100064B235 /* Base */ = {isa = PBXFileReference; lastKnownFileType = file.storyboard; name = Base; path = Base.lproj/LaunchScreen.storyboard; sourceTree = "<group>"; };
		3287CAF7269098100064B235 /* Info.plist */ = {isa = PBXFileReference; lastKnownFileType = text.plist.xml; path = Info.plist; sourceTree = "<group>"; };
		67AD9B8C45BECE1248AD867F /* Pods-cats.release.xcconfig */ = {isa = PBXFileReference; includeInIndex = 1; lastKnownFileType = text.xcconfig; name = "Pods-cats.release.xcconfig"; path = "Target Support Files/Pods-cats/Pods-cats.release.xcconfig"; sourceTree = "<group>"; };
		8AE75C684968574990207605 /* Pods-cats.debug.xcconfig */ = {isa = PBXFileReference; includeInIndex = 1; lastKnownFileType = text.xcconfig; name = "Pods-cats.debug.xcconfig"; path = "Target Support Files/Pods-cats/Pods-cats.debug.xcconfig"; sourceTree = "<group>"; };
/* End PBXFileReference section */

/* Begin PBXFrameworksBuildPhase section */
		3287CAE3269098080064B235 /* Frameworks */ = {
			isa = PBXFrameworksBuildPhase;
			buildActionMask = 2147483647;
			files = (
				83F81DD8A70206C5FF4376B2 /* Pods_cats.framework in Frameworks */,
			);
			runOnlyForDeploymentPostprocessing = 0;
		};
/* End PBXFrameworksBuildPhase section */

/* Begin PBXGroup section */
		3287CADD269098080064B235 = {
			isa = PBXGroup;
			children = (
				3287CAE8269098080064B235 /* cats */,
				3287CAE7269098080064B235 /* Products */,
				80CE79DA9679063EC883B0DB /* Pods */,
				D8E9304F1523E52833DF08D6 /* Frameworks */,
			);
			sourceTree = "<group>";
		};
		3287CAE7269098080064B235 /* Products */ = {
			isa = PBXGroup;
			children = (
				3287CAE6269098080064B235 /* cats.app */,
			);
			name = Products;
			sourceTree = "<group>";
		};
		3287CAE8269098080064B235 /* cats */ = {
			isa = PBXGroup;
			children = (
				3287CAE9269098080064B235 /* AppDelegate.swift */,
				3287CAEB269098080064B235 /* SceneDelegate.swift */,
				3287CAED269098080064B235 /* ViewController.swift */,
				3287CAEF269098080064B235 /* Main.storyboard */,
				3287CAF2269098100064B235 /* Assets.xcassets */,
				3287CAF4269098100064B235 /* LaunchScreen.storyboard */,
				3287CAF7269098100064B235 /* Info.plist */,
			);
			path = cats;
			sourceTree = "<group>";
		};
		80CE79DA9679063EC883B0DB /* Pods */ = {
			isa = PBXGroup;
			children = (
				8AE75C684968574990207605 /* Pods-cats.debug.xcconfig */,
				67AD9B8C45BECE1248AD867F /* Pods-cats.release.xcconfig */,
			);
			name = Pods;
			path = Pods;
			sourceTree = "<group>";
		};
		D8E9304F1523E52833DF08D6 /* Frameworks */ = {
			isa = PBXGroup;
			children = (
				11C148589EED2AB1AB147757 /* Pods_cats.framework */,
			);
			name = Frameworks;
			sourceTree = "<group>";
		};
/* End PBXGroup section */

/* Begin PBXNativeTarget section */
		3287CAE5269098080064B235 /* cats */ = {
			isa = PBXNativeTarget;
			buildConfigurationList = 3287CAFA269098100064B235 /* Build configuration list for PBXNativeTarget "cats" */;
			buildPhases = (
				E57E91B243187260A1810BAC /* [CP] Check Pods Manifest.lock */,
				3287CAE2269098080064B235 /* Sources */,
				3287CAE3269098080064B235 /* Frameworks */,
				3287CAE4269098080064B235 /* Resources */,
			);
			buildRules = (
			);
			dependencies = (
			);
			name = cats;
			productName = cats;
			productReference = 3287CAE6269098080064B235 /* cats.app */;
			productType = "com.apple.product-type.application";
		};
/* End PBXNativeTarget section */

/* Begin PBXProject section */
		3287CADE269098080064B235 /* Project object */ = {
			isa = PBXProject;
			attributes = {
				LastSwiftUpdateCheck = 1240;
				LastUpgradeCheck = 1240;
				TargetAttributes = {
					3287CAE5269098080064B235 = {
						CreatedOnToolsVersion = 12.4;
					};
				};
			};
			buildConfigurationList = 3287CAE1269098080064B235 /* Build configuration list for PBXProject "cats" */;
			compatibilityVersion = "Xcode 9.3";
			developmentRegion = en;
			hasScannedForEncodings = 0;
			knownRegions = (
				en,
				Base,
			);
			mainGroup = 3287CADD269098080064B235;
			productRefGroup = 3287CAE7269098080064B235 /* Products */;
			projectDirPath = "";
			projectRoot = "";
			targets = (
				3287CAE5269098080064B235 /* cats */,
			);
		};
/* End PBXProject section */

/* Begin PBXResourcesBuildPhase section */
		3287CAE4269098080064B235 /* Resources */ = {
			isa = PBXResourcesBuildPhase;
			buildActionMask = 2147483647;
			files = (
				3287CAF6269098100064B235 /* LaunchScreen.storyboard in Resources */,
				3287CAF3269098100064B235 /* Assets.xcassets in Resources */,
				3287CAF1269098080064B235 /* Main.storyboard in Resources */,
			);
			runOnlyForDeploymentPostprocessing = 0;
		};
/* End PBXResourcesBuildPhase section */

/* Begin PBXShellScriptBuildPhase section */
		E57E91B243187260A1810BAC /* [CP] Check Pods Manifest.lock */ = {
			isa = PBXShellScriptBuildPhase;
			buildActionMask = 2147483647;
			files = (
			);
			inputFileListPaths = (
			);
			inputPaths = (
				"${PODS_PODFILE_DIR_PATH}/Podfile.lock",
				"${PODS_ROOT}/Manifest.lock",
			);
			name = "[CP] Check Pods Manifest.lock";
			outputFileListPaths = (
			);
			outputPaths = (
				"$(DERIVED_FILE_DIR)/Pods-cats-checkManifestLockResult.txt",
			);
			runOnlyForDeploymentPostprocessing = 0;
			shellPath = /bin/sh;
			shellScript = "diff \"${PODS_PODFILE_DIR_PATH}/Podfile.lock\" \"${PODS_ROOT}/Manifest.lock\" > /dev/null\nif [ $? != 0 ] ; then\n    # print error to STDERR\n    echo \"error: The sandbox is not in sync with the Podfile.lock. Run 'pod install' or update your CocoaPods installation.\" >&2\n    exit 1\nfi\n# This output is used by Xcode 'outputs' to avoid re-running this script phase.\necho \"SUCCESS\" > \"${SCRIPT_OUTPUT_FILE_0}\"\n";
			showEnvVarsInLog = 0;
		};
/* End PBXShellScriptBuildPhase section */

/* Begin PBXSourcesBuildPhase section */
		3287CAE2269098080064B235 /* Sources */ = {
			isa = PBXSourcesBuildPhase;
			buildActionMask = 2147483647;
			files = (
				3287CAEE269098080064B235 /* ViewController.swift in Sources */,
				3287CAEA269098080064B235 /* AppDelegate.swift in Sources */,
				3287CAEC269098080064B235 /* SceneDelegate.swift in Sources */,
			);
			runOnlyForDeploymentPostprocessing = 0;
		};
/* End PBXSourcesBuildPhase section */

/* Begin PBXVariantGroup section */
		3287CAEF269098080064B235 /* Main.storyboard */ = {
			isa = PBXVariantGroup;
			children = (
				3287CAF0269098080064B235 /* Base */,
			);
			name = Main.storyboard;
			sourceTree = "<group>";
		};
		3287CAF4269098100064B235 /* LaunchScreen.storyboard */ = {
			isa = PBXVariantGroup;
			children = (
				3287CAF5269098100064B235 /* Base */,
			);
			name = LaunchScreen.storyboard;
			sourceTree = "<group>";
		};
/* End PBXVariantGroup section */

/* Begin XCBuildConfiguration section */
		3287CAF8269098100064B235 /* Debug */ = {
			isa = XCBuildConfiguration;
			buildSettings = {
				ALWAYS_SEARCH_USER_PATHS = NO;
				CLANG_ANALYZER_NONNULL = YES;
				CLANG_ANALYZER_NUMBER_OBJECT_CONVERSION = YES_AGGRESSIVE;
				CLANG_CXX_LANGUAGE_STANDARD = "gnu++14";
				CLANG_CXX_LIBRARY = "libc++";
				CLANG_ENABLE_MODULES = YES;
				CLANG_ENABLE_OBJC_ARC = YES;
				CLANG_ENABLE_OBJC_WEAK = YES;
				CLANG_WARN_BLOCK_CAPTURE_AUTORELEASING = YES;
				CLANG_WARN_BOOL_CONVERSION = YES;
				CLANG_WARN_COMMA = YES;
				CLANG_WARN_CONSTANT_CONVERSION = YES;
				CLANG_WARN_DEPRECATED_OBJC_IMPLEMENTATIONS = YES;
				CLANG_WARN_DIRECT_OBJC_ISA_USAGE = YES_ERROR;
				CLANG_WARN_DOCUMENTATION_COMMENTS = YES;
				CLANG_WARN_EMPTY_BODY = YES;
				CLANG_WARN_ENUM_CONVERSION = YES;
				CLANG_WARN_INFINITE_RECURSION = YES;
				CLANG_WARN_INT_CONVERSION = YES;
				CLANG_WARN_NON_LITERAL_NULL_CONVERSION = YES;
				CLANG_WARN_OBJC_IMPLICIT_RETAIN_SELF = YES;
				CLANG_WARN_OBJC_LITERAL_CONVERSION = YES;
				CLANG_WARN_OBJC_ROOT_CLASS = YES_ERROR;
				CLANG_WARN_QUOTED_INCLUDE_IN_FRAMEWORK_HEADER = YES;
				CLANG_WARN_RANGE_LOOP_ANALYSIS = YES;
				CLANG_WARN_STRICT_PROTOTYPES = YES;
				CLANG_WARN_SUSPICIOUS_MOVE = YES;
				CLANG_WARN_UNGUARDED_AVAILABILITY = YES_AGGRESSIVE;
				CLANG_WARN_UNREACHABLE_CODE = YES;
				CLANG_WARN__DUPLICATE_METHOD_MATCH = YES;
				COPY_PHASE_STRIP = NO;
				DEBUG_INFORMATION_FORMAT = dwarf;
				ENABLE_STRICT_OBJC_MSGSEND = YES;
				ENABLE_TESTABILITY = YES;
				GCC_C_LANGUAGE_STANDARD = gnu11;
				GCC_DYNAMIC_NO_PIC = NO;
				GCC_NO_COMMON_BLOCKS = YES;
				GCC_OPTIMIZATION_LEVEL = 0;
				GCC_PREPROCESSOR_DEFINITIONS = (
					"DEBUG=1",
					"$(inherited)",
				);
				GCC_WARN_64_TO_32_BIT_CONVERSION = YES;
				GCC_WARN_ABOUT_RETURN_TYPE = YES_ERROR;
				GCC_WARN_UNDECLARED_SELECTOR = YES;
				GCC_WARN_UNINITIALIZED_AUTOS = YES_AGGRESSIVE;
				GCC_WARN_UNUSED_FUNCTION = YES;
				GCC_WARN_UNUSED_VARIABLE = YES;
				IPHONEOS_DEPLOYMENT_TARGET = 14.4;
				MTL_ENABLE_DEBUG_INFO = INCLUDE_SOURCE;
				MTL_FAST_MATH = YES;
				ONLY_ACTIVE_ARCH = YES;
				SDKROOT = iphoneos;
				SWIFT_ACTIVE_COMPILATION_CONDITIONS = DEBUG;
				SWIFT_OPTIMIZATION_LEVEL = "-Onone";
			};
			name = Debug;
		};
		3287CAF9269098100064B235 /* Release */ = {
			isa = XCBuildConfiguration;
			buildSettings = {
				ALWAYS_SEARCH_USER_PATHS = NO;
				CLANG_ANALYZER_NONNULL = YES;
				CLANG_ANALYZER_NUMBER_OBJECT_CONVERSION = YES_AGGRESSIVE;
				CLANG_CXX_LANGUAGE_STANDARD = "gnu++14";
				CLANG_CXX_LIBRARY = "libc++";
				CLANG_ENABLE_MODULES = YES;
				CLANG_ENABLE_OBJC_ARC = YES;
				CLANG_ENABLE_OBJC_WEAK = YES;
				CLANG_WARN_BLOCK_CAPTURE_AUTORELEASING = YES;
				CLANG_WARN_BOOL_CONVERSION = YES;
				CLANG_WARN_COMMA = YES;
				CLANG_WARN_CONSTANT_CONVERSION = YES;
				CLANG_WARN_DEPRECATED_OBJC_IMPLEMENTATIONS = YES;
				CLANG_WARN_DIRECT_OBJC_ISA_USAGE = YES_ERROR;
				CLANG_WARN_DOCUMENTATION_COMMENTS = YES;
				CLANG_WARN_EMPTY_BODY = YES;
				CLANG_WARN_ENUM_CONVERSION = YES;
				CLANG_WARN_INFINITE_RECURSION = YES;
				CLANG_WARN_INT_CONVERSION = YES;
				CLANG_WARN_NON_LITERAL_NULL_CONVERSION = YES;
				CLANG_WARN_OBJC_IMPLICIT_RETAIN_SELF = YES;
				CLANG_WARN_OBJC_LITERAL_CONVERSION = YES;
				CLANG_WARN_OBJC_ROOT_CLASS = YES_ERROR;
				CLANG_WARN_QUOTED_INCLUDE_IN_FRAMEWORK_HEADER = YES;
				CLANG_WARN_RANGE_LOOP_ANALYSIS = YES;
				CLANG_WARN_STRICT_PROTOTYPES = YES;
				CLANG_WARN_SUSPICIOUS_MOVE = YES;
				CLANG_WARN_UNGUARDED_AVAILABILITY = YES_AGGRESSIVE;
				CLANG_WARN_UNREACHABLE_CODE = YES;
				CLANG_WARN__DUPLICATE_METHOD_MATCH = YES;
				COPY_PHASE_STRIP = NO;
				DEBUG_INFORMATION_FORMAT = "dwarf-with-dsym";
				ENABLE_NS_ASSERTIONS = NO;
				ENABLE_STRICT_OBJC_MSGSEND = YES;
				GCC_C_LANGUAGE_STANDARD = gnu11;
				GCC_NO_COMMON_BLOCKS = YES;
				GCC_WARN_64_TO_32_BIT_CONVERSION = YES;
				GCC_WARN_ABOUT_RETURN_TYPE = YES_ERROR;
				GCC_WARN_UNDECLARED_SELECTOR = YES;
				GCC_WARN_UNINITIALIZED_AUTOS = YES_AGGRESSIVE;
				GCC_WARN_UNUSED_FUNCTION = YES;
				GCC_WARN_UNUSED_VARIABLE = YES;
				IPHONEOS_DEPLOYMENT_TARGET = 14.4;
				MTL_ENABLE_DEBUG_INFO = NO;
				MTL_FAST_MATH = YES;
				SDKROOT = iphoneos;
				SWIFT_COMPILATION_MODE = wholemodule;
				SWIFT_OPTIMIZATION_LEVEL = "-O";
				VALIDATE_PRODUCT = YES;
			};
			name = Release;
		};
		3287CAFB269098100064B235 /* Debug */ = {
			isa = XCBuildConfiguration;
			baseConfigurationReference = 8AE75C684968574990207605 /* Pods-cats.debug.xcconfig */;
			buildSettings = {
				ASSETCATALOG_COMPILER_APPICON_NAME = AppIcon;
				ASSETCATALOG_COMPILER_GLOBAL_ACCENT_COLOR_NAME = AccentColor;
				CODE_SIGN_STYLE = Automatic;
				DEVELOPMENT_TEAM = 46D6Y35665;
				INFOPLIST_FILE = cats/Info.plist;
				LD_RUNPATH_SEARCH_PATHS = (
					"$(inherited)",
					"@executable_path/Frameworks",
				);
				PRODUCT_BUNDLE_IDENTIFIER = com.vois.cats;
				PRODUCT_NAME = "$(TARGET_NAME)";
				SWIFT_VERSION = 5.0;
				TARGETED_DEVICE_FAMILY = "1,2";
			};
			name = Debug;
		};
		3287CAFC269098100064B235 /* Release */ = {
			isa = XCBuildConfiguration;
			baseConfigurationReference = 67AD9B8C45BECE1248AD867F /* Pods-cats.release.xcconfig */;
			buildSettings = {
				ASSETCATALOG_COMPILER_APPICON_NAME = AppIcon;
				ASSETCATALOG_COMPILER_GLOBAL_ACCENT_COLOR_NAME = AccentColor;
				CODE_SIGN_STYLE = Automatic;
				DEVELOPMENT_TEAM = 46D6Y35665;
				INFOPLIST_FILE = cats/Info.plist;
				LD_RUNPATH_SEARCH_PATHS = (
					"$(inherited)",
					"@executable_path/Frameworks",
				);
				PRODUCT_BUNDLE_IDENTIFIER = com.vois.cats;
				PRODUCT_NAME = "$(TARGET_NAME)";
				SWIFT_VERSION = 5.0;
				TARGETED_DEVICE_FAMILY = "1,2";
			};
			name = Release;
		};
/* End XCBuildConfiguration section */

/* Begin XCConfigurationList section */
		3287CAE1269098080064B235 /* Build configuration list for PBXProject "cats" */ = {
			isa = XCConfigurationList;
			buildConfigurations = (
				3287CAF8269098100064B235 /* Debug */,
				3287CAF9269098100064B235 /* Release */,
			);
			defaultConfigurationIsVisible = 0;
			defaultConfigurationName = Release;
		};
		3287CAFA269098100064B235 /* Build configuration list for PBXNativeTarget "cats" */ = {
			isa = XCConfigurationList;
			buildConfigurations = (
				3287CAFB269098100064B235 /* Debug */,
				3287CAFC269098100064B235 /* Release */,
			);
			defaultConfigurationIsVisible = 0;
			defaultConfigurationName = Release;
		};
/* End XCConfigurationList section */
	};
	rootObject = 3287CADE269098080064B235 /* Project object */;
}
